
Microsoft Visual Studio Solution File, Format Version 12.00
# Visual Studio 15
VisualStudioVersion = 15.0.26730.16
MinimumVisualStudioVersion = 10.0.40219.1
Project("{FAE04EC0-301F-11D3-BF4B-00C04F79EFBC}") = "SpaceXLaunchSearchApi", "SpaceXLaunchSearchApi\SpaceXLaunchSearchApi.csproj", "{3BC7BAD8-C25C-4AE4-8415-FE2BF95B5857}"
EndProject
Global
	GlobalSection(SolutionConfigurationPlatforms) = preSolution
		Debug|Any CPU = Debug|Any CPU
		Release|Any CPU = Release|Any CPU
	EndGlobalSection
	GlobalSection(ProjectConfigurationPlatforms) = postSolution
		{3BC7BAD8-C25C-4AE4-8415-FE2BF95B5857}.Debug|Any CPU.ActiveCfg = Debug|Any CPU
		{3BC7BAD8-C25C-4AE4-8415-FE2BF95B5857}.Debug|Any CPU.Build.0 = Debug|Any CPU
		{3BC7BAD8-C25C-4AE4-8415-FE2BF95B5857}.Release|Any CPU.ActiveCfg = Release|Any CPU
		{3BC7BAD8-C25C-4AE4-8415-FE2BF95B5857}.Release|Any CPU.Build.0 = Release|Any CPU
	EndGlobalSection
	GlobalSection(SolutionProperties) = preSolution
		HideSolutionNode = FALSE
	EndGlobalSection
	GlobalSection(ExtensibilityGlobals) = postSolution
		SolutionGuid = {90C0C38A-641F-4048-8B98-F21A0B0C139B}
	EndGlobalSection
EndGlobal
